
Microsoft Visual Studio Solution File, Format Version 12.00
# Visual Studio Version 17
VisualStudioVersion = 17.9.34728.123
MinimumVisualStudioVersion = 10.0.40219.1
Project("{FAE04EC0-301F-11D3-BF4B-00C04F79EFBC}") = "data_first", "data_first\data_first.csproj", "{BC1A0C44-0CFB-4F68-91E2-5E9BC5155C7E}"
EndProject
Global
	GlobalSection(SolutionConfigurationPlatforms) = preSolution
		Debug|Any CPU = Debug|Any CPU
		Release|Any CPU = Release|Any CPU
	EndGlobalSection
	GlobalSection(ProjectConfigurationPlatforms) = postSolution
		{BC1A0C44-0CFB-4F68-91E2-5E9BC5155C7E}.Debug|Any CPU.ActiveCfg = Debug|Any CPU
		{BC1A0C44-0CFB-4F68-91E2-5E9BC5155C7E}.Debug|Any CPU.Build.0 = Debug|Any CPU
		{BC1A0C44-0CFB-4F68-91E2-5E9BC5155C7E}.Release|Any CPU.ActiveCfg = Release|Any CPU
		{BC1A0C44-0CFB-4F68-91E2-5E9BC5155C7E}.Release|Any CPU.Build.0 = Release|Any CPU
	EndGlobalSection
	GlobalSection(SolutionProperties) = preSolution
		HideSolutionNode = FALSE
	EndGlobalSection
	GlobalSection(ExtensibilityGlobals) = postSolution
		SolutionGuid = {84A0B904-2580-4578-B5F1-355BF8E09129}
	EndGlobalSection
EndGlobal
